
Microsoft Visual Studio Solution File, Format Version 12.00
# Visual Studio 14
VisualStudioVersion = 14.0.25420.1
MinimumVisualStudioVersion = 10.0.40219.1
Project("{FAE04EC0-301F-11D3-BF4B-00C04F79EFBC}") = "Kentor.AuthServices_Saml", "Kentor.AuthServices_Saml\Kentor.AuthServices_Saml.csproj", "{9A9058D4-8547-40B6-8D7B-2B30208D5D57}"
EndProject
Project("{FAE04EC0-301F-11D3-BF4B-00C04F79EFBC}") = "Kentor.AuthServices.Tests", "..\authservices\Kentor.AuthServices.Tests\Kentor.AuthServices.Tests.csproj", "{D3334615-C970-464F-8F45-50CB53A5C0EE}"
EndProject
Global
	GlobalSection(SolutionConfigurationPlatforms) = preSolution
		Debug|Any CPU = Debug|Any CPU
		Release|Any CPU = Release|Any CPU
	EndGlobalSection
	GlobalSection(ProjectConfigurationPlatforms) = postSolution
		{9A9058D4-8547-40B6-8D7B-2B30208D5D57}.Debug|Any CPU.ActiveCfg = Debug|Any CPU
		{9A9058D4-8547-40B6-8D7B-2B30208D5D57}.Debug|Any CPU.Build.0 = Debug|Any CPU
		{9A9058D4-8547-40B6-8D7B-2B30208D5D57}.Release|Any CPU.ActiveCfg = Release|Any CPU
		{9A9058D4-8547-40B6-8D7B-2B30208D5D57}.Release|Any CPU.Build.0 = Release|Any CPU
		{D3334615-C970-464F-8F45-50CB53A5C0EE}.Debug|Any CPU.ActiveCfg = Debug|Any CPU
		{D3334615-C970-464F-8F45-50CB53A5C0EE}.Debug|Any CPU.Build.0 = Debug|Any CPU
		{D3334615-C970-464F-8F45-50CB53A5C0EE}.Release|Any CPU.ActiveCfg = Debug|Any CPU
		{D3334615-C970-464F-8F45-50CB53A5C0EE}.Release|Any CPU.Build.0 = Debug|Any CPU
	EndGlobalSection
	GlobalSection(SolutionProperties) = preSolution
		HideSolutionNode = FALSE
	EndGlobalSection
EndGlobal
